Microsoft Visual Studio Solution File, Format Version 12.00
# Visual Studio Version 17
VisualStudioVersion = 17.5.2.0
MinimumVisualStudioVersion = 10.0.40219.1
Project("{FAE04EC0-301F-11D3-BF4B-00C04F79EFBC}") = "MonProjetApi", "MonProjetApi\MonProjetApi.csproj", "{772B31AA-B1E7-BFF7-57C8-8B4CFC38BBF5}"
EndProject
Global
	GlobalSection(SolutionConfigurationPlatforms) = preSolution
		Debug|Any CPU = Debug|Any CPU
		Release|Any CPU = Release|Any CPU
	EndGlobalSection
	GlobalSection(ProjectConfigurationPlatforms) = postSolution
		{772B31AA-B1E7-BFF7-57C8-8B4CFC38BBF5}.Debug|Any CPU.ActiveCfg = Debug|Any CPU
		{772B31AA-B1E7-BFF7-57C8-8B4CFC38BBF5}.Debug|Any CPU.Build.0 = Debug|Any CPU
		{772B31AA-B1E7-BFF7-57C8-8B4CFC38BBF5}.Release|Any CPU.ActiveCfg = Release|Any CPU
		{772B31AA-B1E7-BFF7-57C8-8B4CFC38BBF5}.Release|Any CPU.Build.0 = Release|Any CPU
	EndGlobalSection
	GlobalSection(SolutionProperties) = preSolution
		HideSolutionNode = FALSE
	EndGlobalSection
	GlobalSection(ExtensibilityGlobals) = postSolution
		SolutionGuid = {8981E6C1-3916-486C-8748-EFE2A1C29111}
	EndGlobalSection
EndGlobal
